// !$*UTF8*$!
{
	archiveVersion = 1;
	classes = {
	};
	objectVersion = 46;
	objects = {

/* Begin PBXBuildFile section */
		9313A81E1E4FE0F4008F94B4 /* AppDelegate.swift in Sources */ = {isa = PBXBuildFile; fileRef = 9313A81D1E4FE0F4008F94B4 /* AppDelegate.swift */; };
		9313A8201E4FE0F4008F94B4 /* ViewController.swift in Sources */ = {isa = PBXBuildFile; fileRef = 9313A81F1E4FE0F4008F94B4 /* ViewController.swift */; };
		9313A8231E4FE0F4008F94B4 /* Main.storyboard in Resources */ = {isa = PBXBuildFile; fileRef = 9313A8211E4FE0F4008F94B4 /* Main.storyboard */; };
		9313A8251E4FE0F4008F94B4 /* Assets.xcassets in Resources */ = {isa = PBXBuildFile; fileRef = 9313A8241E4FE0F4008F94B4 /* Assets.xcassets */; };
		9313A8281E4FE0F4008F94B4 /* LaunchScreen.storyboard in Resources */ = {isa = PBXBuildFile; fileRef = 9313A8261E4FE0F4008F94B4 /* LaunchScreen.storyboard */; };
		9313A8331E4FE0F4008F94B4 /* SocketExampleTests.swift in Sources */ = {isa = PBXBuildFile; fileRef = 9313A8321E4FE0F4008F94B4 /* SocketExampleTests.swift */; };
		9313A83E1E4FE0F4008F94B4 /* SocketExampleUITests.swift in Sources */ = {isa = PBXBuildFile; fileRef = 9313A83D1E4FE0F4008F94B4 /* SocketExampleUITests.swift */; };
/* End PBXBuildFile section */

/* Begin PBXContainerItemProxy section */
		9313A82F1E4FE0F4008F94B4 /* PBXContainerItemProxy */ = {
			isa = PBXContainerItemProxy;
			containerPortal = 9313A8121E4FE0F4008F94B4 /* Project object */;
			proxyType = 1;
			remoteGlobalIDString = 9313A8191E4FE0F4008F94B4;
			remoteInfo = SocketExample;
		};
		9313A83A1E4FE0F4008F94B4 /* PBXContainerItemProxy */ = {
			isa = PBXContainerItemProxy;
			containerPortal = 9313A8121E4FE0F4008F94B4 /* Project object */;
			proxyType = 1;
			remoteGlobalIDString = 9313A8191E4FE0F4008F94B4;
			remoteInfo = SocketExample;
		};
/* End PBXContainerItemProxy section */

/* Begin PBXFileReference section */
		9313A81A1E4FE0F4008F94B4 /* SocketExample.app */ = {isa = PBXFileReference; explicitFileType = wrapper.application; includeInIndex = 0; path = SocketExample.app; sourceTree = BUILT_PRODUCTS_DIR; };
		9313A81D1E4FE0F4008F94B4 /* AppDelegate.swift */ = {isa = PBXFileReference; lastKnownFileType = sourcecode.swift; path = AppDelegate.swift; sourceTree = "<group>"; };
		9313A81F1E4FE0F4008F94B4 /* ViewController.swift */ = {isa = PBXFileReference; lastKnownFileType = sourcecode.swift; path = ViewController.swift; sourceTree = "<group>"; };
		9313A8221E4FE0F4008F94B4 /* Base */ = {isa = PBXFileReference; lastKnownFileType = file.storyboard; name = Base; path = Base.lproj/Main.storyboard; sourceTree = "<group>"; };
		9313A8241E4FE0F4008F94B4 /* Assets.xcassets */ = {isa = PBXFileReference; lastKnownFileType = folder.assetcatalog; path = Assets.xcassets; sourceTree = "<group>"; };
		9313A8271E4FE0F4008F94B4 /* Base */ = {isa = PBXFileReference; lastKnownFileType = file.storyboard; name = Base; path = Base.lproj/LaunchScreen.storyboard; sourceTree = "<group>"; };
		9313A8291E4FE0F4008F94B4 /* Info.plist */ = {isa = PBXFileReference; lastKnownFileType = text.plist.xml; path = Info.plist; sourceTree = "<group>"; };
		9313A82E1E4FE0F4008F94B4 /* SocketExampleTests.xctest */ = {isa = PBXFileReference; explicitFileType = wrapper.cfbundle; includeInIndex = 0; path = SocketExampleTests.xctest; sourceTree = BUILT_PRODUCTS_DIR; };
		9313A8321E4FE0F4008F94B4 /* SocketExampleTests.swift */ = {isa = PBXFileReference; lastKnownFileType = sourcecode.swift; path = SocketExampleTests.swift; sourceTree = "<group>"; };
		9313A8341E4FE0F4008F94B4 /* Info.plist */ = {isa = PBXFileReference; lastKnownFileType = text.plist.xml; path = Info.plist; sourceTree = "<group>"; };
		9313A8391E4FE0F4008F94B4 /* SocketExampleUITests.xctest */ = {isa = PBXFileReference; explicitFileType = wrapper.cfbundle; includeInIndex = 0; path = SocketExampleUITests.xctest; sourceTree = BUILT_PRODUCTS_DIR; };
		9313A83D1E4FE0F4008F94B4 /* SocketExampleUITests.swift */ = {isa = PBXFileReference; lastKnownFileType = sourcecode.swift; path = SocketExampleUITests.swift; sourceTree = "<group>"; };
		9313A83F1E4FE0F4008F94B4 /* Info.plist */ = {isa = PBXFileReference; lastKnownFileType = text.plist.xml; path = Info.plist; sourceTree = "<group>"; };
/* End PBXFileReference section */

/* Begin PBXFrameworksBuildPhase section */
		9313A8171E4FE0F4008F94B4 /* Frameworks */ = {
			isa = PBXFrameworksBuildPhase;
			buildActionMask = 2147483647;
			files = (
			);
			runOnlyForDeploymentPostprocessing = 0;
		};
		9313A82B1E4FE0F4008F94B4 /* Frameworks */ = {
			isa = PBXFrameworksBuildPhase;
			buildActionMask = 2147483647;
			files = (
			);
			runOnlyForDeploymentPostprocessing = 0;
		};
		9313A8361E4FE0F4008F94B4 /* Frameworks */ = {
			isa = PBXFrameworksBuildPhase;
			buildActionMask = 2147483647;
			files = (
			);
			runOnlyForDeploymentPostprocessing = 0;
		};
/* End PBXFrameworksBuildPhase section */

/* Begin PBXGroup section */
		9313A8111E4FE0F4008F94B4 = {
			isa = PBXGroup;
			children = (
				9313A81C1E4FE0F4008F94B4 /* SocketExample */,
				9313A8311E4FE0F4008F94B4 /* SocketExampleTests */,
				9313A83C1E4FE0F4008F94B4 /* SocketExampleUITests */,
				9313A81B1E4FE0F4008F94B4 /* Products */,
			);
			sourceTree = "<group>";
		};
		9313A81B1E4FE0F4008F94B4 /* Products */ = {
			isa = PBXGroup;
			children = (
				9313A81A1E4FE0F4008F94B4 /* SocketExample.app */,
				9313A82E1E4FE0F4008F94B4 /* SocketExampleTests.xctest */,
				9313A8391E4FE0F4008F94B4 /* SocketExampleUITests.xctest */,
			);
			name = Products;
			sourceTree = "<group>";
		};
		9313A81C1E4FE0F4008F94B4 /* SocketExample */ = {
			isa = PBXGroup;
			children = (
				9313A81D1E4FE0F4008F94B4 /* AppDelegate.swift */,
				9313A81F1E4FE0F4008F94B4 /* ViewController.swift */,
				9313A8211E4FE0F4008F94B4 /* Main.storyboard */,
				9313A8241E4FE0F4008F94B4 /* Assets.xcassets */,
				9313A8261E4FE0F4008F94B4 /* LaunchScreen.storyboard */,
				9313A8291E4FE0F4008F94B4 /* Info.plist */,
			);
			path = SocketExample;
			sourceTree = "<group>";
		};
		9313A8311E4FE0F4008F94B4 /* SocketExampleTests */ = {
			isa = PBXGroup;
			children = (
				9313A8321E4FE0F4008F94B4 /* SocketExampleTests.swift */,
				9313A8341E4FE0F4008F94B4 /* Info.plist */,
			);
			path = SocketExampleTests;
			sourceTree = "<group>";
		};
		9313A83C1E4FE0F4008F94B4 /* SocketExampleUITests */ = {
			isa = PBXGroup;
			children = (
				9313A83D1E4FE0F4008F94B4 /* SocketExampleUITests.swift */,
				9313A83F1E4FE0F4008F94B4 /* Info.plist */,
			);
			path = SocketExampleUITests;
			sourceTree = "<group>";
		};
/* End PBXGroup section */

/* Begin PBXNativeTarget section */
		9313A8191E4FE0F4008F94B4 /* SocketExample */ = {
			isa = PBXNativeTarget;
			buildConfigurationList = 9313A8421E4FE0F4008F94B4 /* Build configuration list for PBXNativeTarget "SocketExample" */;
			buildPhases = (
				9313A8161E4FE0F4008F94B4 /* Sources */,
				9313A8171E4FE0F4008F94B4 /* Frameworks */,
				9313A8181E4FE0F4008F94B4 /* Resources */,
			);
			buildRules = (
			);
			dependencies = (
			);
			name = SocketExample;
			productName = SocketExample;
			productReference = 9313A81A1E4FE0F4008F94B4 /* SocketExample.app */;
			productType = "com.apple.product-type.application";
		};
		9313A82D1E4FE0F4008F94B4 /* SocketExampleTests */ = {
			isa = PBXNativeTarget;
			buildConfigurationList = 9313A8451E4FE0F4008F94B4 /* Build configuration list for PBXNativeTarget "SocketExampleTests" */;
			buildPhases = (
				9313A82A1E4FE0F4008F94B4 /* Sources */,
				9313A82B1E4FE0F4008F94B4 /* Frameworks */,
				9313A82C1E4FE0F4008F94B4 /* Resources */,
			);
			buildRules = (
			);
			dependencies = (
				9313A8301E4FE0F4008F94B4 /* PBXTargetDependency */,
			);
			name = SocketExampleTests;
			productName = SocketExampleTests;
			productReference = 9313A82E1E4FE0F4008F94B4 /* SocketExampleTests.xctest */;
			productType = "com.apple.product-type.bundle.unit-test";
		};
		9313A8381E4FE0F4008F94B4 /* SocketExampleUITests */ = {
			isa = PBXNativeTarget;
			buildConfigurationList = 9313A8481E4FE0F4008F94B4 /* Build configuration list for PBXNativeTarget "SocketExampleUITests" */;
			buildPhases = (
				9313A8351E4FE0F4008F94B4 /* Sources */,
				9313A8361E4FE0F4008F94B4 /* Frameworks */,
				9313A8371E4FE0F4008F94B4 /* Resources */,
			);
			buildRules = (
			);
			dependencies = (
				9313A83B1E4FE0F4008F94B4 /* PBXTargetDependency */,
			);
			name = SocketExampleUITests;
			productName = SocketExampleUITests;
			productReference = 9313A8391E4FE0F4008F94B4 /* SocketExampleUITests.xctest */;
			productType = "com.apple.product-type.bundle.ui-testing";
		};
/* End PBXNativeTarget section */

/* Begin PBXProject section */
		9313A8121E4FE0F4008F94B4 /* Project object */ = {
			isa = PBXProject;
			attributes = {
				LastSwiftUpdateCheck = 0820;
				LastUpgradeCheck = 0820;
				ORGANIZATIONNAME = "Yilun Gao";
				TargetAttributes = {
					9313A8191E4FE0F4008F94B4 = {
						CreatedOnToolsVersion = 8.2.1;
						DevelopmentTeam = L4Q7HWKTD2;
						ProvisioningStyle = Automatic;
					};
					9313A82D1E4FE0F4008F94B4 = {
						CreatedOnToolsVersion = 8.2.1;
						ProvisioningStyle = Automatic;
						TestTargetID = 9313A8191E4FE0F4008F94B4;
					};
					9313A8381E4FE0F4008F94B4 = {
						CreatedOnToolsVersion = 8.2.1;
						ProvisioningStyle = Automatic;
						TestTargetID = 9313A8191E4FE0F4008F94B4;
					};
				};
			};
			buildConfigurationList = 9313A8151E4FE0F4008F94B4 /* Build configuration list for PBXProject "SocketExample" */;
			compatibilityVersion = "Xcode 3.2";
			developmentRegion = English;
			hasScannedForEncodings = 0;
			knownRegions = (
				en,
				Base,
			);
			mainGroup = 9313A8111E4FE0F4008F94B4;
			productRefGroup = 9313A81B1E4FE0F4008F94B4 /* Products */;
			projectDirPath = "";
			projectRoot = "";
			targets = (
				9313A8191E4FE0F4008F94B4 /* SocketExample */,
				9313A82D1E4FE0F4008F94B4 /* SocketExampleTests */,
				9313A8381E4FE0F4008F94B4 /* SocketExampleUITests */,
			);
		};
/* End PBXProject section */

/* Begin PBXResourcesBuildPhase section */
		9313A8181E4FE0F4008F94B4 /* Resources */ = {
			isa = PBXResourcesBuildPhase;
			buildActionMask = 2147483647;
			files = (
				9313A8281E4FE0F4008F94B4 /* LaunchScreen.storyboard in Resources */,
				9313A8251E4FE0F4008F94B4 /* Assets.xcassets in Resources */,
				9313A8231E4FE0F4008F94B4 /* Main.storyboard in Resources */,
			);
			runOnlyForDeploymentPostprocessing = 0;
		};
		9313A82C1E4FE0F4008F94B4 /* Resources */ = {
			isa = PBXResourcesBuildPhase;
			buildActionMask = 2147483647;
			files = (
			);
			runOnlyForDeploymentPostprocessing = 0;
		};
		9313A8371E4FE0F4008F94B4 /* Resources */ = {
			isa = PBXResourcesBuildPhase;
			buildActionMask = 2147483647;
			files = (
			);
			runOnlyForDeploymentPostprocessing = 0;
		};
/* End PBXResourcesBuildPhase section */

/* Begin PBXSourcesBuildPhase section */
		9313A8161E4FE0F4008F94B4 /* Sources */ = {
			isa = PBXSourcesBuildPhase;
			buildActionMask = 2147483647;
			files = (
				9313A8201E4FE0F4008F94B4 /* ViewController.swift in Sources */,
				9313A81E1E4FE0F4008F94B4 /* AppDelegate.swift in Sources */,
			);
			runOnlyForDeploymentPostprocessing = 0;
		};
		9313A82A1E4FE0F4008F94B4 /* Sources */ = {
			isa = PBXSourcesBuildPhase;
			buildActionMask = 2147483647;
			files = (
				9313A8331E4FE0F4008F94B4 /* SocketExampleTests.swift in Sources */,
			);
			runOnlyForDeploymentPostprocessing = 0;
		};
		9313A8351E4FE0F4008F94B4 /* Sources */ = {
			isa = PBXSourcesBuildPhase;
			buildActionMask = 2147483647;
			files = (
				9313A83E1E4FE0F4008F94B4 /* SocketExampleUITests.swift in Sources */,
			);
			runOnlyForDeploymentPostprocessing = 0;
		};
/* End PBXSourcesBuildPhase section */

/* Begin PBXTargetDependency section */
		9313A8301E4FE0F4008F94B4 /* PBXTargetDependency */ = {
			isa = PBXTargetDependency;
			target = 9313A8191E4FE0F4008F94B4 /* SocketExample */;
			targetProxy = 9313A82F1E4FE0F4008F94B4 /* PBXContainerItemProxy */;
		};
		9313A83B1E4FE0F4008F94B4 /* PBXTargetDependency */ = {
			isa = PBXTargetDependency;
			target = 9313A8191E4FE0F4008F94B4 /* SocketExample */;
			targetProxy = 9313A83A1E4FE0F4008F94B4 /* PBXContainerItemProxy */;
		};
/* End PBXTargetDependency section */

/* Begin PBXVariantGroup section */
		9313A8211E4FE0F4008F94B4 /* Main.storyboard */ = {
			isa = PBXVariantGroup;
			children = (
				9313A8221E4FE0F4008F94B4 /* Base */,
			);
			name = Main.storyboard;
			sourceTree = "<group>";
		};
		9313A8261E4FE0F4008F94B4 /* LaunchScreen.storyboard */ = {
			isa = PBXVariantGroup;
			children = (
				9313A8271E4FE0F4008F94B4 /* Base */,
			);
			name = LaunchScreen.storyboard;
			sourceTree = "<group>";
		};
/* End PBXVariantGroup section */

/* Begin XCBuildConfiguration section */
		9313A8401E4FE0F4008F94B4 /* Debug */ = {
			isa = XCBuildConfiguration;
			buildSettings = {
				ALWAYS_SEARCH_USER_PATHS = NO;
				CLANG_ANALYZER_NONNULL = YES;
				CLANG_CXX_LANGUAGE_STANDARD = "gnu++0x";
				CLANG_CXX_LIBRARY = "libc++";
				CLANG_ENABLE_MODULES = YES;
				CLANG_ENABLE_OBJC_ARC = YES;
				CLANG_WARN_BOOL_CONVERSION = YES;
				CLANG_WARN_CONSTANT_CONVERSION = YES;
				CLANG_WARN_DIRECT_OBJC_ISA_USAGE = YES_ERROR;
				CLANG_WARN_DOCUMENTATION_COMMENTS = YES;
				CLANG_WARN_EMPTY_BODY = YES;
				CLANG_WARN_ENUM_CONVERSION = YES;
				CLANG_WARN_INFINITE_RECURSION = YES;
				CLANG_WARN_INT_CONVERSION = YES;
				CLANG_WARN_OBJC_ROOT_CLASS = YES_ERROR;
				CLANG_WARN_SUSPICIOUS_MOVE = YES;
				CLANG_WARN_UNREACHABLE_CODE = YES;
				CLANG_WARN__DUPLICATE_METHOD_MATCH = YES;
				"CODE_SIGN_IDENTITY[sdk=iphoneos*]" = "iPhone Developer";
				COPY_PHASE_STRIP = NO;
				DEBUG_INFORMATION_FORMAT = dwarf;
				ENABLE_STRICT_OBJC_MSGSEND = YES;
				ENABLE_TESTABILITY = YES;
				GCC_C_LANGUAGE_STANDARD = gnu99;
				GCC_DYNAMIC_NO_PIC = NO;
				GCC_NO_COMMON_BLOCKS = YES;
				GCC_OPTIMIZATION_LEVEL = 0;
				GCC_PREPROCESSOR_DEFINITIONS = (
					"DEBUG=1",
					"$(inherited)",
				);
				GCC_WARN_64_TO_32_BIT_CONVERSION = YES;
				GCC_WARN_ABOUT_RETURN_TYPE = YES_ERROR;
				GCC_WARN_UNDECLARED_SELECTOR = YES;
				GCC_WARN_UNINITIALIZED_AUTOS = YES_AGGRESSIVE;
				GCC_WARN_UNUSED_FUNCTION = YES;
				GCC_WARN_UNUSED_VARIABLE = YES;
				IPHONEOS_DEPLOYMENT_TARGET = 10.2;
				MTL_ENABLE_DEBUG_INFO = YES;
				ONLY_ACTIVE_ARCH = YES;
				SDKROOT = iphoneos;
				SWIFT_ACTIVE_COMPILATION_CONDITIONS = DEBUG;
				SWIFT_OPTIMIZATION_LEVEL = "-Onone";
			};
			name = Debug;
		};
		9313A8411E4FE0F4008F94B4 /* Release */ = {
			isa = XCBuildConfiguration;
			buildSettings = {
				ALWAYS_SEARCH_USER_PATHS = NO;
				CLANG_ANALYZER_NONNULL = YES;
				CLANG_CXX_LANGUAGE_STANDARD = "gnu++0x";
				CLANG_CXX_LIBRARY = "libc++";
				CLANG_ENABLE_MODULES = YES;
				CLANG_ENABLE_OBJC_ARC = YES;
				CLANG_WARN_BOOL_CONVERSION = YES;
				CLANG_WARN_CONSTANT_CONVERSION = YES;
				CLANG_WARN_DIRECT_OBJC_ISA_USAGE = YES_ERROR;
				CLANG_WARN_DOCUMENTATION_COMMENTS = YES;
				CLANG_WARN_EMPTY_BODY = YES;
				CLANG_WARN_ENUM_CONVERSION = YES;
				CLANG_WARN_INFINITE_RECURSION = YES;
				CLANG_WARN_INT_CONVERSION = YES;
				CLANG_WARN_OBJC_ROOT_CLASS = YES_ERROR;
				CLANG_WARN_SUSPICIOUS_MOVE = YES;
				CLANG_WARN_UNREACHABLE_CODE = YES;
				CLANG_WARN__DUPLICATE_METHOD_MATCH = YES;
				"CODE_SIGN_IDENTITY[sdk=iphoneos*]" = "iPhone Developer";
				COPY_PHASE_STRIP = NO;
				DEBUG_INFORMATION_FORMAT = "dwarf-with-dsym";
				ENABLE_NS_ASSERTIONS = NO;
				ENABLE_STRICT_OBJC_MSGSEND = YES;
				GCC_C_LANGUAGE_STANDARD = gnu99;
				GCC_NO_COMMON_BLOCKS = YES;
				GCC_WARN_64_TO_32_BIT_CONVERSION = YES;
				GCC_WARN_ABOUT_RETURN_TYPE = YES_ERROR;
				GCC_WARN_UNDECLARED_SELECTOR = YES;
				GCC_WARN_UNINITIALIZED_AUTOS = YES_AGGRESSIVE;
				GCC_WARN_UNUSED_FUNCTION = YES;
				GCC_WARN_UNUSED_VARIABLE = YES;
				IPHONEOS_DEPLOYMENT_TARGET = 10.2;
				MTL_ENABLE_DEBUG_INFO = NO;
				SDKROOT = iphoneos;
				SWIFT_OPTIMIZATION_LEVEL = "-Owholemodule";
				VALIDATE_PRODUCT = YES;
			};
			name = Release;
		};
		9313A8431E4FE0F4008F94B4 /* Debug */ = {
			isa = XCBuildConfiguration;
			buildSettings = {
				ASSETCATALOG_COMPILER_APPICON_NAME = AppIcon;
				"CODE_SIGN_IDENTITY[sdk=iphoneos*]" = "iPhone Developer";
				DEVELOPMENT_TEAM = L4Q7HWKTD2;
				INFOPLIST_FILE = SocketExample/Info.plist;
				LD_RUNPATH_SEARCH_PATHS = "$(inherited) @executable_path/Frameworks";
				PRODUCT_BUNDLE_IDENTIFIER = Test.SocketExample;
				PRODUCT_NAME = "$(TARGET_NAME)";
				SWIFT_VERSION = 3.0;
			};
			name = Debug;
		};
		9313A8441E4FE0F4008F94B4 /* Release */ = {
			isa = XCBuildConfiguration;
			buildSettings = {
				ASSETCATALOG_COMPILER_APPICON_NAME = AppIcon;
				"CODE_SIGN_IDENTITY[sdk=iphoneos*]" = "iPhone Developer";
				DEVELOPMENT_TEAM = L4Q7HWKTD2;
				INFOPLIST_FILE = SocketExample/Info.plist;
				LD_RUNPATH_SEARCH_PATHS = "$(inherited) @executable_path/Frameworks";
				PRODUCT_BUNDLE_IDENTIFIER = Test.SocketExample;
				PRODUCT_NAME = "$(TARGET_NAME)";
				SWIFT_VERSION = 3.0;
			};
			name = Release;
		};
		9313A8461E4FE0F4008F94B4 /* Debug */ = {
			isa = XCBuildConfiguration;
			buildSettings = {
				ALWAYS_EMBED_SWIFT_STANDARD_LIBRARIES = YES;
				BUNDLE_LOADER = "$(TEST_HOST)";
				INFOPLIST_FILE = SocketExampleTests/Info.plist;
				LD_RUNPATH_SEARCH_PATHS = "$(inherited) @executable_path/Frameworks @loader_path/Frameworks";
				PRODUCT_BUNDLE_IDENTIFIER = none.SocketExampleTests;
				PRODUCT_NAME = "$(TARGET_NAME)";
				SWIFT_VERSION = 3.0;
				TEST_HOST = "$(BUILT_PRODUCTS_DIR)/SocketExample.app/SocketExample";
			};
			name = Debug;
		};
		9313A8471E4FE0F4008F94B4 /* Release */ = {
			isa = XCBuildConfiguration;
			buildSettings = {
				ALWAYS_EMBED_SWIFT_STANDARD_LIBRARIES = YES;
				BUNDLE_LOADER = "$(TEST_HOST)";
				INFOPLIST_FILE = SocketExampleTests/Info.plist;
				LD_RUNPATH_SEARCH_PATHS = "$(inherited) @executable_path/Frameworks @loader_path/Frameworks";
				PRODUCT_BUNDLE_IDENTIFIER = none.SocketExampleTests;
				PRODUCT_NAME = "$(TARGET_NAME)";
				SWIFT_VERSION = 3.0;
				TEST_HOST = "$(BUILT_PRODUCTS_DIR)/SocketExample.app/SocketExample";
			};
			name = Release;
		};
		9313A8491E4FE0F4008F94B4 /* Debug */ = {
			isa = XCBuildConfiguration;
			buildSettings = {
				ALWAYS_EMBED_SWIFT_STANDARD_LIBRARIES = YES;
				INFOPLIST_FILE = SocketExampleUITests/Info.plist;
				LD_RUNPATH_SEARCH_PATHS = "$(inherited) @executable_path/Frameworks @loader_path/Frameworks";
				PRODUCT_BUNDLE_IDENTIFIER = none.SocketExampleUITests;
				PRODUCT_NAME = "$(TARGET_NAME)";
				SWIFT_VERSION = 3.0;
				TEST_TARGET_NAME = SocketExample;
			};
			name = Debug;
		};
		9313A84A1E4FE0F4008F94B4 /* Release */ = {
			isa = XCBuildConfiguration;
			buildSettings = {
				ALWAYS_EMBED_SWIFT_STANDARD_LIBRARIES = YES;
				INFOPLIST_FILE = SocketExampleUITests/Info.plist;
				LD_RUNPATH_SEARCH_PATHS = "$(inherited) @executable_path/Frameworks @loader_path/Frameworks";
				PRODUCT_BUNDLE_IDENTIFIER = none.SocketExampleUITests;
				PRODUCT_NAME = "$(TARGET_NAME)";
				SWIFT_VERSION = 3.0;
				TEST_TARGET_NAME = SocketExample;
			};
			name = Release;
		};
/* End XCBuildConfiguration section */

/* Begin XCConfigurationList section */
		9313A8151E4FE0F4008F94B4 /* Build configuration list for PBXProject "SocketExample" */ = {
			isa = XCConfigurationList;
			buildConfigurations = (
				9313A8401E4FE0F4008F94B4 /* Debug */,
				9313A8411E4FE0F4008F94B4 /* Release */,
			);
			defaultConfigurationIsVisible = 0;
			defaultConfigurationName = Release;
		};
		9313A8421E4FE0F4008F94B4 /* Build configuration list for PBXNativeTarget "SocketExample" */ = {
			isa = XCConfigurationList;
			buildConfigurations = (
				9313A8431E4FE0F4008F94B4 /* Debug */,
				9313A8441E4FE0F4008F94B4 /* Release */,
			);
			defaultConfigurationIsVisible = 0;
			defaultConfigurationName = Release;
		};
		9313A8451E4FE0F4008F94B4 /* Build configuration list for PBXNativeTarget "SocketExampleTests" */ = {
			isa = XCConfigurationList;
			buildConfigurations = (
				9313A8461E4FE0F4008F94B4 /* Debug */,
				9313A8471E4FE0F4008F94B4 /* Release */,
			);
			defaultConfigurationIsVisible = 0;
			defaultConfigurationName = Release;
		};
		9313A8481E4FE0F4008F94B4 /* Build configuration list for PBXNativeTarget "SocketExampleUITests" */ = {
			isa = XCConfigurationList;
			buildConfigurations = (
				9313A8491E4FE0F4008F94B4 /* Debug */,
				9313A84A1E4FE0F4008F94B4 /* Release */,
			);
			defaultConfigurationIsVisible = 0;
			defaultConfigurationName = Release;
		};
/* End XCConfigurationList section */
	};
	rootObject = 9313A8121E4FE0F4008F94B4 /* Project object */;
}
